
Microsoft Visual Studio Solution File, Format Version 12.00
# Visual Studio Version 17
VisualStudioVersion = 17.6.33723.286
MinimumVisualStudioVersion = 10.0.40219.1
Project("{FAE04EC0-301F-11D3-BF4B-00C04F79EFBC}") = "BlackJack", "BlackJack\BlackJack.csproj", "{F6C4E38C-532D-4ECD-8E1E-DB1EB5776EBC}"
EndProject
Global
	GlobalSection(SolutionConfigurationPlatforms) = preSolution
		Debug|Any CPU = Debug|Any CPU
		Release|Any CPU = Release|Any CPU
	EndGlobalSection
	GlobalSection(ProjectConfigurationPlatforms) = postSolution
		{F6C4E38C-532D-4ECD-8E1E-DB1EB5776EBC}.Debug|Any CPU.ActiveCfg = Debug|Any CPU
		{F6C4E38C-532D-4ECD-8E1E-DB1EB5776EBC}.Debug|Any CPU.Build.0 = Debug|Any CPU
		{F6C4E38C-532D-4ECD-8E1E-DB1EB5776EBC}.Release|Any CPU.ActiveCfg = Release|Any CPU
		{F6C4E38C-532D-4ECD-8E1E-DB1EB5776EBC}.Release|Any CPU.Build.0 = Release|Any CPU
	EndGlobalSection
	GlobalSection(SolutionProperties) = preSolution
		HideSolutionNode = FALSE
	EndGlobalSection
	GlobalSection(ExtensibilityGlobals) = postSolution
		SolutionGuid = {5565D9CF-E037-423B-823C-347E2EA307BB}
	EndGlobalSection
EndGlobal
